<?xml version="1.0" encoding="utf-8"?>
<Project ToolsVersion="4.0" xmlns="http://schemas.microsoft.com/developer/msbuild/2003">
  <ItemGroup>
    <Filter Include="win32">
      <UniqueIdentifier>{84a8ebd7-7cf0-47f6-b75e-d441df67da40}</UniqueIdentifier>
    </Filter>
    <Filter Include="resource">
      <UniqueIdentifier>{715254bc-d70b-4ec5-bf29-467dd3ace079}</UniqueIdentifier>
    </Filter>
    <Filter Include="src">
      <UniqueIdentifier>{bb6c862e-70e9-49d9-81b7-3829a6f50471}</UniqueIdentifier>
    </Filter>
    <Filter Include="Character">
      <UniqueIdentifier>{48c66dbb-cd43-4117-9db9-d30ddc851bae}</UniqueIdentifier>
    </Filter>
    <Filter Include="Controller">
      <UniqueIdentifier>{512eb46d-3967-4a74-a5bb-761ea0709e9b}</UniqueIdentifier>
    </Filter>
    <Filter Include="Obj">
      <UniqueIdentifier>{c7fd0ab1-d094-4018-bfc7-6abd62033d6e}</UniqueIdentifier>
    </Filter>
    <Filter Include="Manager">
      <UniqueIdentifier>{0db9ac4b-024e-4675-94c6-a44f8d02e121}</UniqueIdentifier>
    </Filter>
    <Filter Include="Scene">
      <UniqueIdentifier>{dfd6866a-2ffe-4894-8fd7-7c504840d596}</UniqueIdentifier>
    </Filter>
    <Filter Include="Effekseer">
      <UniqueIdentifier>{df93dd45-a596-4ce7-af01-3d3e04c1d32c}</UniqueIdentifier>
    </Filter>
    <Filter Include="Module">
      <UniqueIdentifier>{9deffcf7-291c-4af0-9876-f36cabd8a363}</UniqueIdentifier>
    </Filter>
  </ItemGroup>
  <ItemGroup>
    <ClCompile Include="main.cpp">
      <Filter>win32</Filter>
    </ClCompile>
    <ClCompile Include="..\Classes\AppDelegate.cpp">
      <Filter>src</Filter>
    </ClCompile>
    <ClCompile Include="..\Classes\Collision.cpp" />
    <ClCompile Include="..\Classes\Character\Player.cpp">
      <Filter>Character</Filter>
    </ClCompile>
    <ClCompile Include="..\Classes\Controller\Input_Touch.cpp">
      <Filter>Controller</Filter>
    </ClCompile>
    <ClCompile Include="..\Classes\Controller\MouseCtl.cpp">
      <Filter>Controller</Filter>
    </ClCompile>
    <ClCompile Include="..\Classes\Controller\OPRT_Key.cpp">
      <Filter>Controller</Filter>
    </ClCompile>
    <ClCompile Include="..\Classes\Controller\OPRT_State.cpp">
      <Filter>Controller</Filter>
    </ClCompile>
    <ClCompile Include="..\Classes\Effekseer\EffectMng.cpp">
      <Filter>Effekseer</Filter>
    </ClCompile>
    <ClCompile Include="..\Classes\Effekseer\Effekseer.cpp">
      <Filter>Effekseer</Filter>
    </ClCompile>
    <ClCompile Include="..\Classes\Effekseer\EffekseerNative.cpp">
      <Filter>Effekseer</Filter>
    </ClCompile>
    <ClCompile Include="..\Classes\Effekseer\EffekseerRendererNative.cpp">
      <Filter>Effekseer</Filter>
    </ClCompile>
    <ClCompile Include="..\Classes\Manager\GameManager.cpp">
      <Filter>Manager</Filter>
    </ClCompile>
    <ClCompile Include="..\Classes\Manager\PointWithDepth.cpp">
      <Filter>Manager</Filter>
    </ClCompile>
    <ClCompile Include="..\Classes\Obj\Ball.cpp">
      <Filter>Obj</Filter>
    </ClCompile>
    <ClCompile Include="..\Classes\Obj\Obj.cpp">
      <Filter>Obj</Filter>
    </ClCompile>
    <ClCompile Include="..\Classes\Obj\StageWall.cpp">
      <Filter>Obj</Filter>
    </ClCompile>
    <ClCompile Include="..\Classes\Scene\GameScene.cpp">
      <Filter>Scene</Filter>
    </ClCompile>
    <ClCompile Include="..\Classes\Scene\GuestScene.cpp">
      <Filter>Scene</Filter>
    </ClCompile>
    <ClCompile Include="..\Classes\Scene\HostScene.cpp">
      <Filter>Scene</Filter>
    </ClCompile>
    <ClCompile Include="..\Classes\Scene\ResultScene.cpp">
      <Filter>Scene</Filter>
    </ClCompile>
    <ClCompile Include="..\Classes\Scene\TitleScene.cpp">
      <Filter>Scene</Filter>
    </ClCompile>
    <ClCompile Include="..\Classes\Manager\AnimMng.cpp">
      <Filter>Manager</Filter>
    </ClCompile>
    <ClCompile Include="..\Classes\Obj\BallShadow.cpp">
      <Filter>Obj</Filter>
    </ClCompile>
  </ItemGroup>
  <ItemGroup>
    <ClInclude Include="main.h">
      <Filter>win32</Filter>
    </ClInclude>
    <ClInclude Include="..\Classes\AppDelegate.h">
      <Filter>src</Filter>
    </ClInclude>
    <ClInclude Include="..\Classes\Collision.h" />
    <ClInclude Include="..\Classes\Character\Player.h">
      <Filter>Character</Filter>
    </ClInclude>
    <ClInclude Include="..\Classes\Controller\Input_Touch.h">
      <Filter>Controller</Filter>
    </ClInclude>
    <ClInclude Include="..\Classes\Controller\MouseCtl.h">
      <Filter>Controller</Filter>
    </ClInclude>
    <ClInclude Include="..\Classes\Controller\OPRT_Key.h">
      <Filter>Controller</Filter>
    </ClInclude>
    <ClInclude Include="..\Classes\Controller\OPRT_State.h">
      <Filter>Controller</Filter>
    </ClInclude>
    <ClInclude Include="..\Classes\Effekseer\EffectMng.h">
      <Filter>Effekseer</Filter>
    </ClInclude>
    <ClInclude Include="..\Classes\Effekseer\Effekseer.h">
      <Filter>Effekseer</Filter>
    </ClInclude>
    <ClInclude Include="..\Classes\Effekseer\EffekseerNative.h">
      <Filter>Effekseer</Filter>
    </ClInclude>
    <ClInclude Include="..\Classes\Effekseer\EffekseerRendererNative.h">
      <Filter>Effekseer</Filter>
    </ClInclude>
    <ClInclude Include="..\Classes\Manager\GameManager.h">
      <Filter>Manager</Filter>
    </ClInclude>
    <ClInclude Include="..\Classes\Manager\PointWithDepth.h">
      <Filter>Manager</Filter>
    </ClInclude>
    <ClInclude Include="..\Classes\Obj\Ball.h">
      <Filter>Obj</Filter>
    </ClInclude>
    <ClInclude Include="..\Classes\Obj\Obj.h">
      <Filter>Obj</Filter>
    </ClInclude>
    <ClInclude Include="..\Classes\Obj\StageWall.h">
      <Filter>Obj</Filter>
    </ClInclude>
    <ClInclude Include="..\Classes\Scene\GameScene.h">
      <Filter>Scene</Filter>
    </ClInclude>
    <ClInclude Include="..\Classes\Scene\GuestScene.h">
      <Filter>Scene</Filter>
    </ClInclude>
    <ClInclude Include="..\Classes\Scene\HostScene.h">
      <Filter>Scene</Filter>
    </ClInclude>
    <ClInclude Include="..\Classes\Scene\ResultScene.h">
      <Filter>Scene</Filter>
    </ClInclude>
    <ClInclude Include="..\Classes\Scene\TitleScene.h">
      <Filter>Scene</Filter>
    </ClInclude>
    <ClInclude Include="..\Classes\Manager\AnimMng.h">
      <Filter>Manager</Filter>
    </ClInclude>
    <ClInclude Include="..\Classes\Module\Shoot\Shoot.h">
      <Filter>Module</Filter>
    </ClInclude>
    <ClInclude Include="..\Classes\Module\Shoot\Curve.h">
      <Filter>Module</Filter>
    </ClInclude>
    <ClInclude Include="..\Classes\Module\Shoot\Normal.h">
      <Filter>Module</Filter>
    </ClInclude>
    <ClInclude Include="..\Classes\Obj\BallShadow.h">
      <Filter>Obj</Filter>
    </ClInclude>
  </ItemGroup>
  <ItemGroup>
    <ResourceCompile Include="game.rc">
      <Filter>resource</Filter>
    </ResourceCompile>
  </ItemGroup>
</Project>